
Microsoft Visual Studio Solution File, Format Version 12.00
# Visual Studio Version 16
VisualStudioVersion = 16.0.31729.503
MinimumVisualStudioVersion = 10.0.40219.1
Project("{FAE04EC0-301F-11D3-BF4B-00C04F79EFBC}") = "Module3HW5", "Module3HW5\Module3HW5.csproj", "{59F8852B-2C87-44CE-B6AD-E9EBD6E3FA9C}"
EndProject
Global
	GlobalSection(SolutionConfigurationPlatforms) = preSolution
		Debug|Any CPU = Debug|Any CPU
		Release|Any CPU = Release|Any CPU
	EndGlobalSection
	GlobalSection(ProjectConfigurationPlatforms) = postSolution
		{59F8852B-2C87-44CE-B6AD-E9EBD6E3FA9C}.Debug|Any CPU.ActiveCfg = Debug|Any CPU
		{59F8852B-2C87-44CE-B6AD-E9EBD6E3FA9C}.Debug|Any CPU.Build.0 = Debug|Any CPU
		{59F8852B-2C87-44CE-B6AD-E9EBD6E3FA9C}.Release|Any CPU.ActiveCfg = Release|Any CPU
		{59F8852B-2C87-44CE-B6AD-E9EBD6E3FA9C}.Release|Any CPU.Build.0 = Release|Any CPU
	EndGlobalSection
	GlobalSection(SolutionProperties) = preSolution
		HideSolutionNode = FALSE
	EndGlobalSection
	GlobalSection(ExtensibilityGlobals) = postSolution
		SolutionGuid = {DA9CCF4D-D722-4925-BB10-78386D3B3134}
	EndGlobalSection
EndGlobal
